# This file is generated by running "yarn install" inside your project.
# Manual changes might be lost - proceed with caution!

__metadata:
  version: 7
  cacheKey: 10

"compatibility-fixture@workspace:.":
  version: 0.0.0-use.local
  resolution: "compatibility-fixture@workspace:."
  dependencies:
    is-number: "npm:7.0.0"
  languageName: unknown
  linkType: soft

"is-number@npm:7.0.0":
  version: 7.0.0
  resolution: "is-number@npm:7.0.0"
  checksum: 6a6c3383f68afa1e05b286af866017c78f1226d43ac8cb064e115ff9ed85eb33f5c4f7216c96a71e4dfea289ef52c5da3aef5bbfade8ffe47a0465d70c0c8e86
  languageName: node
  linkType: hard
