{
  "__metadata": {
    "version": 9
  },
  "workspaces": {
    "native-yarn-integration-fixture": "04bdd28033627ad818535c54c368c3c4ef870e6411519c6c32fc6cca5926722834bced2f38a3973fe2ffc2dd24bbf1031ff4445992dd1f410bf36a7074d98909"
  },
  "entries": {
    "is-number@npm:7.0.0": {
      "checksum": "001012e57475db827573465e863b351f42b3ba43dfe329eb9f8d5291e49296fb257e98afae710cc2dddbe135946a81d87203fd5f82cf5fed153374ceb369fe9a",
      "resolution": {
        "resolution": "is-number@npm:7.0.0",
        "version": "7.0.0"
      }
    }
  }
}