# This file is generated by running "yarn install" inside your project.
# Manual changes might be lost - proceed with caution!

__metadata:
  version: 7
  cacheKey: 9

"compatibility-fixture@workspace:.":
  version: 0.0.0-use.local
  resolution: "compatibility-fixture@workspace:."
  dependencies:
    is-number: "npm:7.0.0"
  languageName: unknown
  linkType: soft

"is-number@npm:7.0.0":
  version: 7.0.0
  resolution: "is-number@npm:7.0.0"
  checksum: 748df55ae14cc960b090a7611932940df9fa703b7e0fb4f73943b4eb94c4b5391f27ba3881fab8f5bf7a2f097490e812db0d58d05c92154e70fdf14f93d6fa95
  languageName: node
  linkType: hard
