# This file is generated by running "yarn install" inside your project.
# Manual changes might be lost - proceed with caution!

__metadata:
  version: 4

"compatibility-fixture@workspace:.":
  version: 0.0.0-use.local
  resolution: "compatibility-fixture@workspace:."
  dependencies:
    is-number: 7.0.0
  languageName: unknown
  linkType: soft

"is-number@npm:7.0.0":
  version: 7.0.0
  resolution: "is-number@npm:7.0.0"
  checksum: e65c149a8501b2cc8906a39cb0ba9e29c1ad87530a4d8c8b3ba0f3fedebedc4e98d7b6e733da0c4216e7b89b43aa23b05656480a6cd8cfc4a2d2b95ab4d1c178
  languageName: node
  linkType: hard
