# This file is generated by running "yarn install" inside your project.
# Manual changes might be lost - proceed with caution!

__metadata:
  version: 4
  cacheKey: 6

"compatibility-fixture@workspace:.":
  version: 0.0.0-use.local
  resolution: "compatibility-fixture@workspace:."
  dependencies:
    is-number: 7.0.0
  languageName: unknown
  linkType: soft

"is-number@npm:7.0.0":
  version: 7.0.0
  resolution: "is-number@npm:7.0.0"
  checksum: eec6e506c6de472af4bdfd0cc477e8aeb76f0a7066c8680fcdfed5324ee31a7d2b59d22313007c58aa80eb937f0c40eefdceedb851997d46b490b49f87160369
  languageName: node
  linkType: hard
